// !$*UTF8*$!
{
	archiveVersion = 1;
	classes = {
	};
	objectVersion = 46;
	objects = {

/* Begin PBXBuildFile section */
		B80DD8CD1CD8AC5500ED9FEE /* GasCalculatorViewController.swift in Sources */ = {isa = PBXBuildFile; fileRef = B80DD8CC1CD8AC5500ED9FEE /* GasCalculatorViewController.swift */; };
		B811685F1CFE4D3700301A0A /* GasolineTests.swift in Sources */ = {isa = PBXBuildFile; fileRef = B811685E1CFE4D3700301A0A /* GasolineTests.swift */; };
		B85248911CFD95C700B4AEF7 /* OilMixTests.swift in Sources */ = {isa = PBXBuildFile; fileRef = B85248901CFD95C700B4AEF7 /* OilMixTests.swift */; };
		B85248931CFD975B00B4AEF7 /* Oil.swift in Sources */ = {isa = PBXBuildFile; fileRef = B85248921CFD975B00B4AEF7 /* Oil.swift */; };
		B85248951CFD976700B4AEF7 /* Gasoline.swift in Sources */ = {isa = PBXBuildFile; fileRef = B85248941CFD976700B4AEF7 /* Gasoline.swift */; };
		B87127421CF8C55F00EEA78D /* Volume.swift in Sources */ = {isa = PBXBuildFile; fileRef = B87127411CF8C55F00EEA78D /* Volume.swift */; };
		B87127451CF8C57D00EEA78D /* VolumeTests.swift in Sources */ = {isa = PBXBuildFile; fileRef = B87127441CF8C57D00EEA78D /* VolumeTests.swift */; };
		B87127481CF8C90E00EEA78D /* Float+extensions.swift in Sources */ = {isa = PBXBuildFile; fileRef = B87127471CF8C90E00EEA78D /* Float+extensions.swift */; };
		B871274A1CF8EBFF00EEA78D /* OilMix.swift in Sources */ = {isa = PBXBuildFile; fileRef = B87127491CF8EBFF00EEA78D /* OilMix.swift */; };
		B8A798931CD7A1FC00382995 /* AppDelegate.swift in Sources */ = {isa = PBXBuildFile; fileRef = B8A798921CD7A1FC00382995 /* AppDelegate.swift */; };
		B8A798981CD7A1FC00382995 /* Main.storyboard in Resources */ = {isa = PBXBuildFile; fileRef = B8A798961CD7A1FC00382995 /* Main.storyboard */; };
		B8A7989A1CD7A1FC00382995 /* Assets.xcassets in Resources */ = {isa = PBXBuildFile; fileRef = B8A798991CD7A1FC00382995 /* Assets.xcassets */; };
		B8A7989D1CD7A1FC00382995 /* LaunchScreen.storyboard in Resources */ = {isa = PBXBuildFile; fileRef = B8A7989B1CD7A1FC00382995 /* LaunchScreen.storyboard */; };
		B8A798B71CD7A24600382995 /* GasCalculatorViewModel.swift in Sources */ = {isa = PBXBuildFile; fileRef = B8A798B61CD7A24600382995 /* GasCalculatorViewModel.swift */; };
		B8A798B91CD7A26A00382995 /* GasCalculatorViewModelTests.swift in Sources */ = {isa = PBXBuildFile; fileRef = B8A798B81CD7A26A00382995 /* GasCalculatorViewModelTests.swift */; };
		B8BC88B21D0ACB3E00283EA3 /* MainReducer.swift in Sources */ = {isa = PBXBuildFile; fileRef = B8BC88AD1D0ACB3D00283EA3 /* MainReducer.swift */; };
		B8BC88B31D0ACB3E00283EA3 /* State.swift in Sources */ = {isa = PBXBuildFile; fileRef = B8BC88AF1D0ACB3D00283EA3 /* State.swift */; };
		B8BC88B41D0ACB3E00283EA3 /* VespaStore.swift in Sources */ = {isa = PBXBuildFile; fileRef = B8BC88B11D0ACB3E00283EA3 /* VespaStore.swift */; };
		B8BC88B61D0ACBB200283EA3 /* OilMixState.swift in Sources */ = {isa = PBXBuildFile; fileRef = B8BC88B51D0ACBB200283EA3 /* OilMixState.swift */; };
		B8BC88B91D0ACCCF00283EA3 /* OilMixActions.swift in Sources */ = {isa = PBXBuildFile; fileRef = B8BC88B81D0ACCCF00283EA3 /* OilMixActions.swift */; };
		B8BC88BB1D0AF2A800283EA3 /* OilMixReducer.swift in Sources */ = {isa = PBXBuildFile; fileRef = B8BC88BA1D0AF2A800283EA3 /* OilMixReducer.swift */; };
		DA46F4F0A7A0BEFBDA282055 /* Pods_VespaGAS.framework in Frameworks */ = {isa = PBXBuildFile; fileRef = C55A50B7AC36034C9A46F506 /* Pods_VespaGAS.framework */; };
		FB27079C49C8C7542D6568DA /* Pods_VespaGAS_VespaGASTests.framework in Frameworks */ = {isa = PBXBuildFile; fileRef = 06FB1DBBD5B193432A9B34E5 /* Pods_VespaGAS_VespaGASTests.framework */; };
/* End PBXBuildFile section */

/* Begin PBXContainerItemProxy section */
		B8A798A41CD7A1FC00382995 /* PBXContainerItemProxy */ = {
			isa = PBXContainerItemProxy;
			containerPortal = B8A798871CD7A1FC00382995 /* Project object */;
			proxyType = 1;
			remoteGlobalIDString = B8A7988E1CD7A1FC00382995;
			remoteInfo = VespaGAS;
		};
/* End PBXContainerItemProxy section */

/* Begin PBXFileReference section */
		0157AAAC2E2398F053C0BDC1 /* Pods-VespaGAS-VespaGASTests.release.xcconfig */ = {isa = PBXFileReference; includeInIndex = 1; lastKnownFileType = text.xcconfig; name = "Pods-VespaGAS-VespaGASTests.release.xcconfig"; path = "Pods/Target Support Files/Pods-VespaGAS-VespaGASTests/Pods-VespaGAS-VespaGASTests.release.xcconfig"; sourceTree = "<group>"; };
		06FB1DBBD5B193432A9B34E5 /* Pods_VespaGAS_VespaGASTests.framework */ = {isa = PBXFileReference; explicitFileType = wrapper.framework; includeInIndex = 0; path = Pods_VespaGAS_VespaGASTests.framework; sourceTree = BUILT_PRODUCTS_DIR; };
		56424610A254411243BA4DDB /* Pods.framework */ = {isa = PBXFileReference; explicitFileType = wrapper.framework; includeInIndex = 0; path = Pods.framework; sourceTree = BUILT_PRODUCTS_DIR; };
		8D5E3A30181B6BFF0C36A24E /* Pods-VespaGAS-VespaGASTests.debug.xcconfig */ = {isa = PBXFileReference; includeInIndex = 1; lastKnownFileType = text.xcconfig; name = "Pods-VespaGAS-VespaGASTests.debug.xcconfig"; path = "Pods/Target Support Files/Pods-VespaGAS-VespaGASTests/Pods-VespaGAS-VespaGASTests.debug.xcconfig"; sourceTree = "<group>"; };
		B3D4A20002396EB6C68903CB /* Pods_VespaGASTests.framework */ = {isa = PBXFileReference; explicitFileType = wrapper.framework; includeInIndex = 0; path = Pods_VespaGASTests.framework; sourceTree = BUILT_PRODUCTS_DIR; };
		B80DD8CC1CD8AC5500ED9FEE /* GasCalculatorViewController.swift */ = {isa = PBXFileReference; fileEncoding = 4; lastKnownFileType = sourcecode.swift; path = GasCalculatorViewController.swift; sourceTree = "<group>"; };
		B811685E1CFE4D3700301A0A /* GasolineTests.swift */ = {isa = PBXFileReference; fileEncoding = 4; lastKnownFileType = sourcecode.swift; path = GasolineTests.swift; sourceTree = "<group>"; };
		B85248901CFD95C700B4AEF7 /* OilMixTests.swift */ = {isa = PBXFileReference; fileEncoding = 4; lastKnownFileType = sourcecode.swift; path = OilMixTests.swift; sourceTree = "<group>"; };
		B85248921CFD975B00B4AEF7 /* Oil.swift */ = {isa = PBXFileReference; fileEncoding = 4; lastKnownFileType = sourcecode.swift; path = Oil.swift; sourceTree = "<group>"; };
		B85248941CFD976700B4AEF7 /* Gasoline.swift */ = {isa = PBXFileReference; fileEncoding = 4; lastKnownFileType = sourcecode.swift; path = Gasoline.swift; sourceTree = "<group>"; };
		B87127411CF8C55F00EEA78D /* Volume.swift */ = {isa = PBXFileReference; fileEncoding = 4; lastKnownFileType = sourcecode.swift; path = Volume.swift; sourceTree = "<group>"; };
		B87127441CF8C57D00EEA78D /* VolumeTests.swift */ = {isa = PBXFileReference; fileEncoding = 4; lastKnownFileType = sourcecode.swift; path = VolumeTests.swift; sourceTree = "<group>"; };
		B87127471CF8C90E00EEA78D /* Float+extensions.swift */ = {isa = PBXFileReference; fileEncoding = 4; lastKnownFileType = sourcecode.swift; path = "Float+extensions.swift"; sourceTree = "<group>"; };
		B87127491CF8EBFF00EEA78D /* OilMix.swift */ = {isa = PBXFileReference; fileEncoding = 4; lastKnownFileType = sourcecode.swift; path = OilMix.swift; sourceTree = "<group>"; };
		B8A7988F1CD7A1FC00382995 /* VespaGAS.app */ = {isa = PBXFileReference; explicitFileType = wrapper.application; includeInIndex = 0; path = VespaGAS.app; sourceTree = BUILT_PRODUCTS_DIR; };
		B8A798921CD7A1FC00382995 /* AppDelegate.swift */ = {isa = PBXFileReference; lastKnownFileType = sourcecode.swift; path = AppDelegate.swift; sourceTree = "<group>"; };
		B8A798971CD7A1FC00382995 /* Base */ = {isa = PBXFileReference; lastKnownFileType = file.storyboard; name = Base; path = Base.lproj/Main.storyboard; sourceTree = "<group>"; };
		B8A798991CD7A1FC00382995 /* Assets.xcassets */ = {isa = PBXFileReference; lastKnownFileType = folder.assetcatalog; path = Assets.xcassets; sourceTree = "<group>"; };
		B8A7989C1CD7A1FC00382995 /* Base */ = {isa = PBXFileReference; lastKnownFileType = file.storyboard; name = Base; path = Base.lproj/LaunchScreen.storyboard; sourceTree = "<group>"; };
		B8A7989E1CD7A1FC00382995 /* Info.plist */ = {isa = PBXFileReference; lastKnownFileType = text.plist.xml; path = Info.plist; sourceTree = "<group>"; };
		B8A798A31CD7A1FC00382995 /* VespaGASTests.xctest */ = {isa = PBXFileReference; explicitFileType = wrapper.cfbundle; includeInIndex = 0; path = VespaGASTests.xctest; sourceTree = BUILT_PRODUCTS_DIR; };
		B8A798A91CD7A1FC00382995 /* Info.plist */ = {isa = PBXFileReference; lastKnownFileType = text.plist.xml; path = Info.plist; sourceTree = "<group>"; };
		B8A798B61CD7A24600382995 /* GasCalculatorViewModel.swift */ = {isa = PBXFileReference; fileEncoding = 4; lastKnownFileType = sourcecode.swift; path = GasCalculatorViewModel.swift; sourceTree = "<group>"; };
		B8A798B81CD7A26A00382995 /* GasCalculatorViewModelTests.swift */ = {isa = PBXFileReference; fileEncoding = 4; lastKnownFileType = sourcecode.swift; path = GasCalculatorViewModelTests.swift; sourceTree = "<group>"; };
		B8BC88AD1D0ACB3D00283EA3 /* MainReducer.swift */ = {isa = PBXFileReference; fileEncoding = 4; lastKnownFileType = sourcecode.swift; path = MainReducer.swift; sourceTree = "<group>"; };
		B8BC88AF1D0ACB3D00283EA3 /* State.swift */ = {isa = PBXFileReference; fileEncoding = 4; lastKnownFileType = sourcecode.swift; path = State.swift; sourceTree = "<group>"; };
		B8BC88B11D0ACB3E00283EA3 /* VespaStore.swift */ = {isa = PBXFileReference; fileEncoding = 4; lastKnownFileType = sourcecode.swift; path = VespaStore.swift; sourceTree = "<group>"; };
		B8BC88B51D0ACBB200283EA3 /* OilMixState.swift */ = {isa = PBXFileReference; fileEncoding = 4; lastKnownFileType = sourcecode.swift; path = OilMixState.swift; sourceTree = "<group>"; };
		B8BC88B81D0ACCCF00283EA3 /* OilMixActions.swift */ = {isa = PBXFileReference; fileEncoding = 4; lastKnownFileType = sourcecode.swift; path = OilMixActions.swift; sourceTree = "<group>"; };
		B8BC88BA1D0AF2A800283EA3 /* OilMixReducer.swift */ = {isa = PBXFileReference; fileEncoding = 4; lastKnownFileType = sourcecode.swift; path = OilMixReducer.swift; sourceTree = "<group>"; };
		C55A50B7AC36034C9A46F506 /* Pods_VespaGAS.framework */ = {isa = PBXFileReference; explicitFileType = wrapper.framework; includeInIndex = 0; path = Pods_VespaGAS.framework; sourceTree = BUILT_PRODUCTS_DIR; };
		D9C4B283FE88867F25925E69 /* Pods-VespaGAS.release.xcconfig */ = {isa = PBXFileReference; includeInIndex = 1; lastKnownFileType = text.xcconfig; name = "Pods-VespaGAS.release.xcconfig"; path = "Pods/Target Support Files/Pods-VespaGAS/Pods-VespaGAS.release.xcconfig"; sourceTree = "<group>"; };
		FD1020E0DD17D7123276A48E /* Pods-VespaGAS.debug.xcconfig */ = {isa = PBXFileReference; includeInIndex = 1; lastKnownFileType = text.xcconfig; name = "Pods-VespaGAS.debug.xcconfig"; path = "Pods/Target Support Files/Pods-VespaGAS/Pods-VespaGAS.debug.xcconfig"; sourceTree = "<group>"; };
/* End PBXFileReference section */

/* Begin PBXFrameworksBuildPhase section */
		B8A7988C1CD7A1FC00382995 /* Frameworks */ = {
			isa = PBXFrameworksBuildPhase;
			buildActionMask = 2147483647;
			files = (
				DA46F4F0A7A0BEFBDA282055 /* Pods_VespaGAS.framework in Frameworks */,
			);
			runOnlyForDeploymentPostprocessing = 0;
		};
		B8A798A01CD7A1FC00382995 /* Frameworks */ = {
			isa = PBXFrameworksBuildPhase;
			buildActionMask = 2147483647;
			files = (
				FB27079C49C8C7542D6568DA /* Pods_VespaGAS_VespaGASTests.framework in Frameworks */,
			);
			runOnlyForDeploymentPostprocessing = 0;
		};
/* End PBXFrameworksBuildPhase section */

/* Begin PBXGroup section */
		2F1BC00597E5E9AF438401EC /* Pods */ = {
			isa = PBXGroup;
			children = (
				FD1020E0DD17D7123276A48E /* Pods-VespaGAS.debug.xcconfig */,
				D9C4B283FE88867F25925E69 /* Pods-VespaGAS.release.xcconfig */,
				8D5E3A30181B6BFF0C36A24E /* Pods-VespaGAS-VespaGASTests.debug.xcconfig */,
				0157AAAC2E2398F053C0BDC1 /* Pods-VespaGAS-VespaGASTests.release.xcconfig */,
			);
			name = Pods;
			sourceTree = "<group>";
		};
		4209C5EB230F32683CE55B06 /* Frameworks */ = {
			isa = PBXGroup;
			children = (
				56424610A254411243BA4DDB /* Pods.framework */,
				C55A50B7AC36034C9A46F506 /* Pods_VespaGAS.framework */,
				B3D4A20002396EB6C68903CB /* Pods_VespaGASTests.framework */,
				06FB1DBBD5B193432A9B34E5 /* Pods_VespaGAS_VespaGASTests.framework */,
			);
			name = Frameworks;
			sourceTree = "<group>";
		};
		B87127401CF8C55F00EEA78D /* Models */ = {
			isa = PBXGroup;
			children = (
				B87127411CF8C55F00EEA78D /* Volume.swift */,
				B87127491CF8EBFF00EEA78D /* OilMix.swift */,
				B85248921CFD975B00B4AEF7 /* Oil.swift */,
				B85248941CFD976700B4AEF7 /* Gasoline.swift */,
			);
			path = Models;
			sourceTree = "<group>";
		};
		B87127431CF8C57200EEA78D /* Models */ = {
			isa = PBXGroup;
			children = (
				B87127441CF8C57D00EEA78D /* VolumeTests.swift */,
				B85248901CFD95C700B4AEF7 /* OilMixTests.swift */,
				B811685E1CFE4D3700301A0A /* GasolineTests.swift */,
			);
			path = Models;
			sourceTree = "<group>";
		};
		B87127461CF8C90500EEA78D /* Extensions */ = {
			isa = PBXGroup;
			children = (
				B87127471CF8C90E00EEA78D /* Float+extensions.swift */,
			);
			path = Extensions;
			sourceTree = "<group>";
		};
		B8A798861CD7A1FC00382995 = {
			isa = PBXGroup;
			children = (
				B8A798911CD7A1FC00382995 /* VespaGAS */,
				B8A798A61CD7A1FC00382995 /* VespaGASTests */,
				B8A798901CD7A1FC00382995 /* Products */,
				4209C5EB230F32683CE55B06 /* Frameworks */,
				2F1BC00597E5E9AF438401EC /* Pods */,
			);
			sourceTree = "<group>";
		};
		B8A798901CD7A1FC00382995 /* Products */ = {
			isa = PBXGroup;
			children = (
				B8A7988F1CD7A1FC00382995 /* VespaGAS.app */,
				B8A798A31CD7A1FC00382995 /* VespaGASTests.xctest */,
			);
			name = Products;
			sourceTree = "<group>";
		};
		B8A798911CD7A1FC00382995 /* VespaGAS */ = {
			isa = PBXGroup;
			children = (
				B8BC88A51D0AC58300283EA3 /* Managers */,
				B87127461CF8C90500EEA78D /* Extensions */,
				B87127401CF8C55F00EEA78D /* Models */,
				B8A798921CD7A1FC00382995 /* AppDelegate.swift */,
				B8A798991CD7A1FC00382995 /* Assets.xcassets */,
				B8A798B21CD7A21B00382995 /* Controllers */,
				B8A7989E1CD7A1FC00382995 /* Info.plist */,
				B8A7989B1CD7A1FC00382995 /* LaunchScreen.storyboard */,
				B8A798961CD7A1FC00382995 /* Main.storyboard */,
				B8A798B31CD7A21B00382995 /* ViewModels */,
			);
			path = VespaGAS;
			sourceTree = "<group>";
		};
		B8A798A61CD7A1FC00382995 /* VespaGASTests */ = {
			isa = PBXGroup;
			children = (
				B87127431CF8C57200EEA78D /* Models */,
				B8A798B41CD7A23200382995 /* Controllers */,
				B8A798A91CD7A1FC00382995 /* Info.plist */,
				B8A798B51CD7A23200382995 /* ViewModels */,
			);
			path = VespaGASTests;
			sourceTree = "<group>";
		};
		B8A798B21CD7A21B00382995 /* Controllers */ = {
			isa = PBXGroup;
			children = (
				B80DD8CC1CD8AC5500ED9FEE /* GasCalculatorViewController.swift */,
			);
			path = Controllers;
			sourceTree = "<group>";
		};
		B8A798B31CD7A21B00382995 /* ViewModels */ = {
			isa = PBXGroup;
			children = (
				B8A798B61CD7A24600382995 /* GasCalculatorViewModel.swift */,
			);
			path = ViewModels;
			sourceTree = "<group>";
		};
		B8A798B41CD7A23200382995 /* Controllers */ = {
			isa = PBXGroup;
			children = (
			);
			path = Controllers;
			sourceTree = "<group>";
		};
		B8A798B51CD7A23200382995 /* ViewModels */ = {
			isa = PBXGroup;
			children = (
				B8A798B81CD7A26A00382995 /* GasCalculatorViewModelTests.swift */,
			);
			path = ViewModels;
			sourceTree = "<group>";
		};
		B8BC88A51D0AC58300283EA3 /* Managers */ = {
			isa = PBXGroup;
			children = (
				B8BC88B71D0ACCB500283EA3 /* Actions */,
				B8BC88AC1D0ACB3D00283EA3 /* Reducer */,
				B8BC88AE1D0ACB3D00283EA3 /* State */,
				B8BC88B01D0ACB3E00283EA3 /* Store */,
			);
			path = Managers;
			sourceTree = "<group>";
		};
		B8BC88AC1D0ACB3D00283EA3 /* Reducer */ = {
			isa = PBXGroup;
			children = (
				B8BC88AD1D0ACB3D00283EA3 /* MainReducer.swift */,
				B8BC88BA1D0AF2A800283EA3 /* OilMixReducer.swift */,
			);
			path = Reducer;
			sourceTree = "<group>";
		};
		B8BC88AE1D0ACB3D00283EA3 /* State */ = {
			isa = PBXGroup;
			children = (
				B8BC88AF1D0ACB3D00283EA3 /* State.swift */,
				B8BC88B51D0ACBB200283EA3 /* OilMixState.swift */,
			);
			path = State;
			sourceTree = "<group>";
		};
		B8BC88B01D0ACB3E00283EA3 /* Store */ = {
			isa = PBXGroup;
			children = (
				B8BC88B11D0ACB3E00283EA3 /* VespaStore.swift */,
			);
			path = Store;
			sourceTree = "<group>";
		};
		B8BC88B71D0ACCB500283EA3 /* Actions */ = {
			isa = PBXGroup;
			children = (
				B8BC88B81D0ACCCF00283EA3 /* OilMixActions.swift */,
			);
			path = Actions;
			sourceTree = "<group>";
		};
/* End PBXGroup section */

/* Begin PBXNativeTarget section */
		B8A7988E1CD7A1FC00382995 /* VespaGAS */ = {
			isa = PBXNativeTarget;
			buildConfigurationList = B8A798AC1CD7A1FC00382995 /* Build configuration list for PBXNativeTarget "VespaGAS" */;
			buildPhases = (
				96D7A0212264CF3C11D53C1F /* 📦 Check Pods Manifest.lock */,
				B8A7988B1CD7A1FC00382995 /* Sources */,
				B8A7988C1CD7A1FC00382995 /* Frameworks */,
				B8A7988D1CD7A1FC00382995 /* Resources */,
				CEE8699B0AF1E0801EE5A0AD /* 📦 Embed Pods Frameworks */,
				EF4F479A395BBBF668198B7F /* 📦 Copy Pods Resources */,
			);
			buildRules = (
			);
			dependencies = (
			);
			name = VespaGAS;
			productName = VespaGAS;
			productReference = B8A7988F1CD7A1FC00382995 /* VespaGAS.app */;
			productType = "com.apple.product-type.application";
		};
		B8A798A21CD7A1FC00382995 /* VespaGASTests */ = {
			isa = PBXNativeTarget;
			buildConfigurationList = B8A798AF1CD7A1FC00382995 /* Build configuration list for PBXNativeTarget "VespaGASTests" */;
			buildPhases = (
				B2E9E61CBD11B72EE8B582C5 /* 📦 Check Pods Manifest.lock */,
				B8A7989F1CD7A1FC00382995 /* Sources */,
				B8A798A01CD7A1FC00382995 /* Frameworks */,
				B8A798A11CD7A1FC00382995 /* Resources */,
				FEC0A0FB4B8239970FA4815F /* 📦 Embed Pods Frameworks */,
				67D2FB91506FFB6F45007439 /* 📦 Copy Pods Resources */,
			);
			buildRules = (
			);
			dependencies = (
				B8A798A51CD7A1FC00382995 /* PBXTargetDependency */,
			);
			name = VespaGASTests;
			productName = VespaGASTests;
			productReference = B8A798A31CD7A1FC00382995 /* VespaGASTests.xctest */;
			productType = "com.apple.product-type.bundle.unit-test";
		};
/* End PBXNativeTarget section */

/* Begin PBXProject section */
		B8A798871CD7A1FC00382995 /* Project object */ = {
			isa = PBXProject;
			attributes = {
				LastSwiftUpdateCheck = 0730;
				LastUpgradeCheck = 0730;
				ORGANIZATIONNAME = "Giuseppe Basile";
				TargetAttributes = {
					B8A7988E1CD7A1FC00382995 = {
						CreatedOnToolsVersion = 7.3;
					};
					B8A798A21CD7A1FC00382995 = {
						CreatedOnToolsVersion = 7.3;
						TestTargetID = B8A7988E1CD7A1FC00382995;
					};
				};
			};
			buildConfigurationList = B8A7988A1CD7A1FC00382995 /* Build configuration list for PBXProject "VespaGAS" */;
			compatibilityVersion = "Xcode 3.2";
			developmentRegion = English;
			hasScannedForEncodings = 0;
			knownRegions = (
				en,
				Base,
			);
			mainGroup = B8A798861CD7A1FC00382995;
			productRefGroup = B8A798901CD7A1FC00382995 /* Products */;
			projectDirPath = "";
			projectRoot = "";
			targets = (
				B8A7988E1CD7A1FC00382995 /* VespaGAS */,
				B8A798A21CD7A1FC00382995 /* VespaGASTests */,
			);
		};
/* End PBXProject section */

/* Begin PBXResourcesBuildPhase section */
		B8A7988D1CD7A1FC00382995 /* Resources */ = {
			isa = PBXResourcesBuildPhase;
			buildActionMask = 2147483647;
			files = (
				B8A7989D1CD7A1FC00382995 /* LaunchScreen.storyboard in Resources */,
				B8A7989A1CD7A1FC00382995 /* Assets.xcassets in Resources */,
				B8A798981CD7A1FC00382995 /* Main.storyboard in Resources */,
			);
			runOnlyForDeploymentPostprocessing = 0;
		};
		B8A798A11CD7A1FC00382995 /* Resources */ = {
			isa = PBXResourcesBuildPhase;
			buildActionMask = 2147483647;
			files = (
			);
			runOnlyForDeploymentPostprocessing = 0;
		};
/* End PBXResourcesBuildPhase section */

/* Begin PBXShellScriptBuildPhase section */
		67D2FB91506FFB6F45007439 /* 📦 Copy Pods Resources */ = {
			isa = PBXShellScriptBuildPhase;
			buildActionMask = 2147483647;
			files = (
			);
			inputPaths = (
			);
			name = "📦 Copy Pods Resources";
			outputPaths = (
			);
			runOnlyForDeploymentPostprocessing = 0;
			shellPath = /bin/sh;
			shellScript = "\"${SRCROOT}/Pods/Target Support Files/Pods-VespaGAS-VespaGASTests/Pods-VespaGAS-VespaGASTests-resources.sh\"\n";
			showEnvVarsInLog = 0;
		};
		96D7A0212264CF3C11D53C1F /* 📦 Check Pods Manifest.lock */ = {
			isa = PBXShellScriptBuildPhase;
			buildActionMask = 2147483647;
			files = (
			);
			inputPaths = (
			);
			name = "📦 Check Pods Manifest.lock";
			outputPaths = (
			);
			runOnlyForDeploymentPostprocessing = 0;
			shellPath = /bin/sh;
			shellScript = "diff \"${PODS_ROOT}/../Podfile.lock\" \"${PODS_ROOT}/Manifest.lock\" > /dev/null\nif [[ $? != 0 ]] ; then\n    cat << EOM\nerror: The sandbox is not in sync with the Podfile.lock. Run 'pod install' or update your CocoaPods installation.\nEOM\n    exit 1\nfi\n";
			showEnvVarsInLog = 0;
		};
		B2E9E61CBD11B72EE8B582C5 /* 📦 Check Pods Manifest.lock */ = {
			isa = PBXShellScriptBuildPhase;
			buildActionMask = 2147483647;
			files = (
			);
			inputPaths = (
			);
			name = "📦 Check Pods Manifest.lock";
			outputPaths = (
			);
			runOnlyForDeploymentPostprocessing = 0;
			shellPath = /bin/sh;
			shellScript = "diff \"${PODS_ROOT}/../Podfile.lock\" \"${PODS_ROOT}/Manifest.lock\" > /dev/null\nif [[ $? != 0 ]] ; then\n    cat << EOM\nerror: The sandbox is not in sync with the Podfile.lock. Run 'pod install' or update your CocoaPods installation.\nEOM\n    exit 1\nfi\n";
			showEnvVarsInLog = 0;
		};
		CEE8699B0AF1E0801EE5A0AD /* 📦 Embed Pods Frameworks */ = {
			isa = PBXShellScriptBuildPhase;
			buildActionMask = 2147483647;
			files = (
			);
			inputPaths = (
			);
			name = "📦 Embed Pods Frameworks";
			outputPaths = (
			);
			runOnlyForDeploymentPostprocessing = 0;
			shellPath = /bin/sh;
			shellScript = "\"${SRCROOT}/Pods/Target Support Files/Pods-VespaGAS/Pods-VespaGAS-frameworks.sh\"\n";
			showEnvVarsInLog = 0;
		};
		EF4F479A395BBBF668198B7F /* 📦 Copy Pods Resources */ = {
			isa = PBXShellScriptBuildPhase;
			buildActionMask = 2147483647;
			files = (
			);
			inputPaths = (
			);
			name = "📦 Copy Pods Resources";
			outputPaths = (
			);
			runOnlyForDeploymentPostprocessing = 0;
			shellPath = /bin/sh;
			shellScript = "\"${SRCROOT}/Pods/Target Support Files/Pods-VespaGAS/Pods-VespaGAS-resources.sh\"\n";
			showEnvVarsInLog = 0;
		};
		FEC0A0FB4B8239970FA4815F /* 📦 Embed Pods Frameworks */ = {
			isa = PBXShellScriptBuildPhase;
			buildActionMask = 2147483647;
			files = (
			);
			inputPaths = (
			);
			name = "📦 Embed Pods Frameworks";
			outputPaths = (
			);
			runOnlyForDeploymentPostprocessing = 0;
			shellPath = /bin/sh;
			shellScript = "\"${SRCROOT}/Pods/Target Support Files/Pods-VespaGAS-VespaGASTests/Pods-VespaGAS-VespaGASTests-frameworks.sh\"\n";
			showEnvVarsInLog = 0;
		};
/* End PBXShellScriptBuildPhase section */

/* Begin PBXSourcesBuildPhase section */
		B8A7988B1CD7A1FC00382995 /* Sources */ = {
			isa = PBXSourcesBuildPhase;
			buildActionMask = 2147483647;
			files = (
				B85248931CFD975B00B4AEF7 /* Oil.swift in Sources */,
				B80DD8CD1CD8AC5500ED9FEE /* GasCalculatorViewController.swift in Sources */,
				B87127481CF8C90E00EEA78D /* Float+extensions.swift in Sources */,
				B8BC88B91D0ACCCF00283EA3 /* OilMixActions.swift in Sources */,
				B8BC88B61D0ACBB200283EA3 /* OilMixState.swift in Sources */,
				B8BC88B31D0ACB3E00283EA3 /* State.swift in Sources */,
				B8BC88BB1D0AF2A800283EA3 /* OilMixReducer.swift in Sources */,
				B85248951CFD976700B4AEF7 /* Gasoline.swift in Sources */,
				B871274A1CF8EBFF00EEA78D /* OilMix.swift in Sources */,
				B87127421CF8C55F00EEA78D /* Volume.swift in Sources */,
				B8BC88B21D0ACB3E00283EA3 /* MainReducer.swift in Sources */,
				B8A798B71CD7A24600382995 /* GasCalculatorViewModel.swift in Sources */,
				B8BC88B41D0ACB3E00283EA3 /* VespaStore.swift in Sources */,
				B8A798931CD7A1FC00382995 /* AppDelegate.swift in Sources */,
			);
			runOnlyForDeploymentPostprocessing = 0;
		};
		B8A7989F1CD7A1FC00382995 /* Sources */ = {
			isa = PBXSourcesBuildPhase;
			buildActionMask = 2147483647;
			files = (
				B8A798B91CD7A26A00382995 /* GasCalculatorViewModelTests.swift in Sources */,
				B85248911CFD95C700B4AEF7 /* OilMixTests.swift in Sources */,
				B87127451CF8C57D00EEA78D /* VolumeTests.swift in Sources */,
				B811685F1CFE4D3700301A0A /* GasolineTests.swift in Sources */,
			);
			runOnlyForDeploymentPostprocessing = 0;
		};
/* End PBXSourcesBuildPhase section */

/* Begin PBXTargetDependency section */
		B8A798A51CD7A1FC00382995 /* PBXTargetDependency */ = {
			isa = PBXTargetDependency;
			target = B8A7988E1CD7A1FC00382995 /* VespaGAS */;
			targetProxy = B8A798A41CD7A1FC00382995 /* PBXContainerItemProxy */;
		};
/* End PBXTargetDependency section */

/* Begin PBXVariantGroup section */
		B8A798961CD7A1FC00382995 /* Main.storyboard */ = {
			isa = PBXVariantGroup;
			children = (
				B8A798971CD7A1FC00382995 /* Base */,
			);
			name = Main.storyboard;
			sourceTree = "<group>";
		};
		B8A7989B1CD7A1FC00382995 /* LaunchScreen.storyboard */ = {
			isa = PBXVariantGroup;
			children = (
				B8A7989C1CD7A1FC00382995 /* Base */,
			);
			name = LaunchScreen.storyboard;
			sourceTree = "<group>";
		};
/* End PBXVariantGroup section */

/* Begin XCBuildConfiguration section */
		B8A798AA1CD7A1FC00382995 /* Debug */ = {
			isa = XCBuildConfiguration;
			buildSettings = {
				ALWAYS_SEARCH_USER_PATHS = NO;
				CLANG_ANALYZER_NONNULL = YES;
				CLANG_CXX_LANGUAGE_STANDARD = "gnu++0x";
				CLANG_CXX_LIBRARY = "libc++";
				CLANG_ENABLE_MODULES = YES;
				CLANG_ENABLE_OBJC_ARC = YES;
				CLANG_WARN_BOOL_CONVERSION = YES;
				CLANG_WARN_CONSTANT_CONVERSION = YES;
				CLANG_WARN_DIRECT_OBJC_ISA_USAGE = YES_ERROR;
				CLANG_WARN_EMPTY_BODY = YES;
				CLANG_WARN_ENUM_CONVERSION = YES;
				CLANG_WARN_INT_CONVERSION = YES;
				CLANG_WARN_OBJC_ROOT_CLASS = YES_ERROR;
				CLANG_WARN_UNREACHABLE_CODE = YES;
				CLANG_WARN__DUPLICATE_METHOD_MATCH = YES;
				"CODE_SIGN_IDENTITY[sdk=iphoneos*]" = "iPhone Developer";
				COPY_PHASE_STRIP = NO;
				DEBUG_INFORMATION_FORMAT = dwarf;
				ENABLE_STRICT_OBJC_MSGSEND = YES;
				ENABLE_TESTABILITY = YES;
				GCC_C_LANGUAGE_STANDARD = gnu99;
				GCC_DYNAMIC_NO_PIC = NO;
				GCC_NO_COMMON_BLOCKS = YES;
				GCC_OPTIMIZATION_LEVEL = 0;
				GCC_PREPROCESSOR_DEFINITIONS = (
					"DEBUG=1",
					"$(inherited)",
				);
				GCC_WARN_64_TO_32_BIT_CONVERSION = YES;
				GCC_WARN_ABOUT_RETURN_TYPE = YES_ERROR;
				GCC_WARN_UNDECLARED_SELECTOR = YES;
				GCC_WARN_UNINITIALIZED_AUTOS = YES_AGGRESSIVE;
				GCC_WARN_UNUSED_FUNCTION = YES;
				GCC_WARN_UNUSED_VARIABLE = YES;
				IPHONEOS_DEPLOYMENT_TARGET = 9.3;
				MTL_ENABLE_DEBUG_INFO = YES;
				ONLY_ACTIVE_ARCH = YES;
				SDKROOT = iphoneos;
				SWIFT_OPTIMIZATION_LEVEL = "-Onone";
			};
			name = Debug;
		};
		B8A798AB1CD7A1FC00382995 /* Release */ = {
			isa = XCBuildConfiguration;
			buildSettings = {
				ALWAYS_SEARCH_USER_PATHS = NO;
				CLANG_ANALYZER_NONNULL = YES;
				CLANG_CXX_LANGUAGE_STANDARD = "gnu++0x";
				CLANG_CXX_LIBRARY = "libc++";
				CLANG_ENABLE_MODULES = YES;
				CLANG_ENABLE_OBJC_ARC = YES;
				CLANG_WARN_BOOL_CONVERSION = YES;
				CLANG_WARN_CONSTANT_CONVERSION = YES;
				CLANG_WARN_DIRECT_OBJC_ISA_USAGE = YES_ERROR;
				CLANG_WARN_EMPTY_BODY = YES;
				CLANG_WARN_ENUM_CONVERSION = YES;
				CLANG_WARN_INT_CONVERSION = YES;
				CLANG_WARN_OBJC_ROOT_CLASS = YES_ERROR;
				CLANG_WARN_UNREACHABLE_CODE = YES;
				CLANG_WARN__DUPLICATE_METHOD_MATCH = YES;
				"CODE_SIGN_IDENTITY[sdk=iphoneos*]" = "iPhone Developer";
				COPY_PHASE_STRIP = NO;
				DEBUG_INFORMATION_FORMAT = "dwarf-with-dsym";
				ENABLE_NS_ASSERTIONS = NO;
				ENABLE_STRICT_OBJC_MSGSEND = YES;
				GCC_C_LANGUAGE_STANDARD = gnu99;
				GCC_NO_COMMON_BLOCKS = YES;
				GCC_WARN_64_TO_32_BIT_CONVERSION = YES;
				GCC_WARN_ABOUT_RETURN_TYPE = YES_ERROR;
				GCC_WARN_UNDECLARED_SELECTOR = YES;
				GCC_WARN_UNINITIALIZED_AUTOS = YES_AGGRESSIVE;
				GCC_WARN_UNUSED_FUNCTION = YES;
				GCC_WARN_UNUSED_VARIABLE = YES;
				IPHONEOS_DEPLOYMENT_TARGET = 9.3;
				MTL_ENABLE_DEBUG_INFO = NO;
				SDKROOT = iphoneos;
				VALIDATE_PRODUCT = YES;
			};
			name = Release;
		};
		B8A798AD1CD7A1FC00382995 /* Debug */ = {
			isa = XCBuildConfiguration;
			baseConfigurationReference = FD1020E0DD17D7123276A48E /* Pods-VespaGAS.debug.xcconfig */;
			buildSettings = {
				ASSETCATALOG_COMPILER_APPICON_NAME = AppIcon;
				INFOPLIST_FILE = VespaGAS/Info.plist;
				LD_RUNPATH_SEARCH_PATHS = "$(inherited) @executable_path/Frameworks";
				PRODUCT_BUNDLE_IDENTIFIER = com.pebasile.VespaGAS;
				PRODUCT_NAME = "$(TARGET_NAME)";
			};
			name = Debug;
		};
		B8A798AE1CD7A1FC00382995 /* Release */ = {
			isa = XCBuildConfiguration;
			baseConfigurationReference = D9C4B283FE88867F25925E69 /* Pods-VespaGAS.release.xcconfig */;
			buildSettings = {
				ASSETCATALOG_COMPILER_APPICON_NAME = AppIcon;
				INFOPLIST_FILE = VespaGAS/Info.plist;
				LD_RUNPATH_SEARCH_PATHS = "$(inherited) @executable_path/Frameworks";
				PRODUCT_BUNDLE_IDENTIFIER = com.pebasile.VespaGAS;
				PRODUCT_NAME = "$(TARGET_NAME)";
			};
			name = Release;
		};
		B8A798B01CD7A1FC00382995 /* Debug */ = {
			isa = XCBuildConfiguration;
			baseConfigurationReference = 8D5E3A30181B6BFF0C36A24E /* Pods-VespaGAS-VespaGASTests.debug.xcconfig */;
			buildSettings = {
				BUNDLE_LOADER = "$(TEST_HOST)";
				INFOPLIST_FILE = VespaGASTests/Info.plist;
				LD_RUNPATH_SEARCH_PATHS = "$(inherited) @executable_path/Frameworks @loader_path/Frameworks";
				PRODUCT_BUNDLE_IDENTIFIER = com.pebasile.VespaGASTests;
				PRODUCT_NAME = "$(TARGET_NAME)";
				TEST_HOST = "$(BUILT_PRODUCTS_DIR)/VespaGAS.app/VespaGAS";
			};
			name = Debug;
		};
		B8A798B11CD7A1FC00382995 /* Release */ = {
			isa = XCBuildConfiguration;
			baseConfigurationReference = 0157AAAC2E2398F053C0BDC1 /* Pods-VespaGAS-VespaGASTests.release.xcconfig */;
			buildSettings = {
				BUNDLE_LOADER = "$(TEST_HOST)";
				INFOPLIST_FILE = VespaGASTests/Info.plist;
				LD_RUNPATH_SEARCH_PATHS = "$(inherited) @executable_path/Frameworks @loader_path/Frameworks";
				PRODUCT_BUNDLE_IDENTIFIER = com.pebasile.VespaGASTests;
				PRODUCT_NAME = "$(TARGET_NAME)";
				TEST_HOST = "$(BUILT_PRODUCTS_DIR)/VespaGAS.app/VespaGAS";
			};
			name = Release;
		};
/* End XCBuildConfiguration section */

/* Begin XCConfigurationList section */
		B8A7988A1CD7A1FC00382995 /* Build configuration list for PBXProject "VespaGAS" */ = {
			isa = XCConfigurationList;
			buildConfigurations = (
				B8A798AA1CD7A1FC00382995 /* Debug */,
				B8A798AB1CD7A1FC00382995 /* Release */,
			);
			defaultConfigurationIsVisible = 0;
			defaultConfigurationName = Release;
		};
		B8A798AC1CD7A1FC00382995 /* Build configuration list for PBXNativeTarget "VespaGAS" */ = {
			isa = XCConfigurationList;
			buildConfigurations = (
				B8A798AD1CD7A1FC00382995 /* Debug */,
				B8A798AE1CD7A1FC00382995 /* Release */,
			);
			defaultConfigurationIsVisible = 0;
			defaultConfigurationName = Release;
		};
		B8A798AF1CD7A1FC00382995 /* Build configuration list for PBXNativeTarget "VespaGASTests" */ = {
			isa = XCConfigurationList;
			buildConfigurations = (
				B8A798B01CD7A1FC00382995 /* Debug */,
				B8A798B11CD7A1FC00382995 /* Release */,
			);
			defaultConfigurationIsVisible = 0;
			defaultConfigurationName = Release;
		};
/* End XCConfigurationList section */
	};
	rootObject = B8A798871CD7A1FC00382995 /* Project object */;
}
