// !$*UTF8*$!
{
	archiveVersion = 1;
	classes = {
	};
	objectVersion = 46;
	objects = {

/* Begin PBXBuildFile section */
		498632DA68262E0EF7F07149 /* Pods_VespaGAS_VespaGASTests.framework in Frameworks */ = {isa = PBXBuildFile; fileRef = CF3E9300DEE177DE6AA428F5 /* Pods_VespaGAS_VespaGASTests.framework */; };
		B8A798931CD7A1FC00382995 /* AppDelegate.swift in Sources */ = {isa = PBXBuildFile; fileRef = B8A798921CD7A1FC00382995 /* AppDelegate.swift */; };
		B8A798951CD7A1FC00382995 /* ViewController.swift in Sources */ = {isa = PBXBuildFile; fileRef = B8A798941CD7A1FC00382995 /* ViewController.swift */; };
		B8A798981CD7A1FC00382995 /* Main.storyboard in Resources */ = {isa = PBXBuildFile; fileRef = B8A798961CD7A1FC00382995 /* Main.storyboard */; };
		B8A7989A1CD7A1FC00382995 /* Assets.xcassets in Resources */ = {isa = PBXBuildFile; fileRef = B8A798991CD7A1FC00382995 /* Assets.xcassets */; };
		B8A7989D1CD7A1FC00382995 /* LaunchScreen.storyboard in Resources */ = {isa = PBXBuildFile; fileRef = B8A7989B1CD7A1FC00382995 /* LaunchScreen.storyboard */; };
		B8A798B71CD7A24600382995 /* GasCalculatorViewModel.swift in Sources */ = {isa = PBXBuildFile; fileRef = B8A798B61CD7A24600382995 /* GasCalculatorViewModel.swift */; };
		B8A798B91CD7A26A00382995 /* GasCalculatorViewModelTests.swift in Sources */ = {isa = PBXBuildFile; fileRef = B8A798B81CD7A26A00382995 /* GasCalculatorViewModelTests.swift */; };
		FE4020ED38EBD773AA1051EF /* Pods_VespaGAS.framework in Frameworks */ = {isa = PBXBuildFile; fileRef = AF3B75E8D2B80D9529A1A151 /* Pods_VespaGAS.framework */; };
/* End PBXBuildFile section */

/* Begin PBXContainerItemProxy section */
		B8A798A41CD7A1FC00382995 /* PBXContainerItemProxy */ = {
			isa = PBXContainerItemProxy;
			containerPortal = B8A798871CD7A1FC00382995 /* Project object */;
			proxyType = 1;
			remoteGlobalIDString = B8A7988E1CD7A1FC00382995;
			remoteInfo = VespaGAS;
		};
/* End PBXContainerItemProxy section */

/* Begin PBXFileReference section */
		56424610A254411243BA4DDB /* Pods.framework */ = {isa = PBXFileReference; explicitFileType = wrapper.framework; includeInIndex = 0; path = Pods.framework; sourceTree = BUILT_PRODUCTS_DIR; };
		675F85E00A6DD4A92E56D252 /* Pods-VespaGAS.release.xcconfig */ = {isa = PBXFileReference; includeInIndex = 1; lastKnownFileType = text.xcconfig; name = "Pods-VespaGAS.release.xcconfig"; path = "Pods/Target Support Files/Pods-VespaGAS/Pods-VespaGAS.release.xcconfig"; sourceTree = "<group>"; };
		898B1439CCE209591000E716 /* Pods-VespaGAS-VespaGASTests.release.xcconfig */ = {isa = PBXFileReference; includeInIndex = 1; lastKnownFileType = text.xcconfig; name = "Pods-VespaGAS-VespaGASTests.release.xcconfig"; path = "Pods/Target Support Files/Pods-VespaGAS-VespaGASTests/Pods-VespaGAS-VespaGASTests.release.xcconfig"; sourceTree = "<group>"; };
		9F7EC7C7FB6B45D5D0CEF9B4 /* Pods-VespaGAS-VespaGASTests.debug.xcconfig */ = {isa = PBXFileReference; includeInIndex = 1; lastKnownFileType = text.xcconfig; name = "Pods-VespaGAS-VespaGASTests.debug.xcconfig"; path = "Pods/Target Support Files/Pods-VespaGAS-VespaGASTests/Pods-VespaGAS-VespaGASTests.debug.xcconfig"; sourceTree = "<group>"; };
		AF3B75E8D2B80D9529A1A151 /* Pods_VespaGAS.framework */ = {isa = PBXFileReference; explicitFileType = wrapper.framework; includeInIndex = 0; path = Pods_VespaGAS.framework; sourceTree = BUILT_PRODUCTS_DIR; };
		B8A7988F1CD7A1FC00382995 /* VespaGAS.app */ = {isa = PBXFileReference; explicitFileType = wrapper.application; includeInIndex = 0; path = VespaGAS.app; sourceTree = BUILT_PRODUCTS_DIR; };
		B8A798921CD7A1FC00382995 /* AppDelegate.swift */ = {isa = PBXFileReference; lastKnownFileType = sourcecode.swift; path = AppDelegate.swift; sourceTree = "<group>"; };
		B8A798941CD7A1FC00382995 /* ViewController.swift */ = {isa = PBXFileReference; lastKnownFileType = sourcecode.swift; path = ViewController.swift; sourceTree = "<group>"; };
		B8A798971CD7A1FC00382995 /* Base */ = {isa = PBXFileReference; lastKnownFileType = file.storyboard; name = Base; path = Base.lproj/Main.storyboard; sourceTree = "<group>"; };
		B8A798991CD7A1FC00382995 /* Assets.xcassets */ = {isa = PBXFileReference; lastKnownFileType = folder.assetcatalog; path = Assets.xcassets; sourceTree = "<group>"; };
		B8A7989C1CD7A1FC00382995 /* Base */ = {isa = PBXFileReference; lastKnownFileType = file.storyboard; name = Base; path = Base.lproj/LaunchScreen.storyboard; sourceTree = "<group>"; };
		B8A7989E1CD7A1FC00382995 /* Info.plist */ = {isa = PBXFileReference; lastKnownFileType = text.plist.xml; path = Info.plist; sourceTree = "<group>"; };
		B8A798A31CD7A1FC00382995 /* VespaGASTests.xctest */ = {isa = PBXFileReference; explicitFileType = wrapper.cfbundle; includeInIndex = 0; path = VespaGASTests.xctest; sourceTree = BUILT_PRODUCTS_DIR; };
		B8A798A91CD7A1FC00382995 /* Info.plist */ = {isa = PBXFileReference; lastKnownFileType = text.plist.xml; path = Info.plist; sourceTree = "<group>"; };
		B8A798B61CD7A24600382995 /* GasCalculatorViewModel.swift */ = {isa = PBXFileReference; fileEncoding = 4; lastKnownFileType = sourcecode.swift; path = GasCalculatorViewModel.swift; sourceTree = "<group>"; };
		B8A798B81CD7A26A00382995 /* GasCalculatorViewModelTests.swift */ = {isa = PBXFileReference; fileEncoding = 4; lastKnownFileType = sourcecode.swift; path = GasCalculatorViewModelTests.swift; sourceTree = "<group>"; };
		CF3E9300DEE177DE6AA428F5 /* Pods_VespaGAS_VespaGASTests.framework */ = {isa = PBXFileReference; explicitFileType = wrapper.framework; includeInIndex = 0; path = Pods_VespaGAS_VespaGASTests.framework; sourceTree = BUILT_PRODUCTS_DIR; };
		EFCEB00DD0919C9118C1F888 /* Pods-VespaGAS.debug.xcconfig */ = {isa = PBXFileReference; includeInIndex = 1; lastKnownFileType = text.xcconfig; name = "Pods-VespaGAS.debug.xcconfig"; path = "Pods/Target Support Files/Pods-VespaGAS/Pods-VespaGAS.debug.xcconfig"; sourceTree = "<group>"; };
/* End PBXFileReference section */

/* Begin PBXFrameworksBuildPhase section */
		B8A7988C1CD7A1FC00382995 /* Frameworks */ = {
			isa = PBXFrameworksBuildPhase;
			buildActionMask = 2147483647;
			files = (
				FE4020ED38EBD773AA1051EF /* Pods_VespaGAS.framework in Frameworks */,
			);
			runOnlyForDeploymentPostprocessing = 0;
		};
		B8A798A01CD7A1FC00382995 /* Frameworks */ = {
			isa = PBXFrameworksBuildPhase;
			buildActionMask = 2147483647;
			files = (
				498632DA68262E0EF7F07149 /* Pods_VespaGAS_VespaGASTests.framework in Frameworks */,
			);
			runOnlyForDeploymentPostprocessing = 0;
		};
/* End PBXFrameworksBuildPhase section */

/* Begin PBXGroup section */
		4209C5EB230F32683CE55B06 /* Frameworks */ = {
			isa = PBXGroup;
			children = (
				56424610A254411243BA4DDB /* Pods.framework */,
				AF3B75E8D2B80D9529A1A151 /* Pods_VespaGAS.framework */,
				CF3E9300DEE177DE6AA428F5 /* Pods_VespaGAS_VespaGASTests.framework */,
			);
			name = Frameworks;
			sourceTree = "<group>";
		};
		892B5B9DF8BE05BEF54C7834 /* Pods */ = {
			isa = PBXGroup;
			children = (
				EFCEB00DD0919C9118C1F888 /* Pods-VespaGAS.debug.xcconfig */,
				675F85E00A6DD4A92E56D252 /* Pods-VespaGAS.release.xcconfig */,
				9F7EC7C7FB6B45D5D0CEF9B4 /* Pods-VespaGAS-VespaGASTests.debug.xcconfig */,
				898B1439CCE209591000E716 /* Pods-VespaGAS-VespaGASTests.release.xcconfig */,
			);
			name = Pods;
			sourceTree = "<group>";
		};
		B8A798861CD7A1FC00382995 = {
			isa = PBXGroup;
			children = (
				B8A798911CD7A1FC00382995 /* VespaGAS */,
				B8A798A61CD7A1FC00382995 /* VespaGASTests */,
				B8A798901CD7A1FC00382995 /* Products */,
				4209C5EB230F32683CE55B06 /* Frameworks */,
				892B5B9DF8BE05BEF54C7834 /* Pods */,
			);
			sourceTree = "<group>";
		};
		B8A798901CD7A1FC00382995 /* Products */ = {
			isa = PBXGroup;
			children = (
				B8A7988F1CD7A1FC00382995 /* VespaGAS.app */,
				B8A798A31CD7A1FC00382995 /* VespaGASTests.xctest */,
			);
			name = Products;
			sourceTree = "<group>";
		};
		B8A798911CD7A1FC00382995 /* VespaGAS */ = {
			isa = PBXGroup;
			children = (
				B8A798B21CD7A21B00382995 /* Controllers */,
				B8A798B31CD7A21B00382995 /* ViewModels */,
				B8A798921CD7A1FC00382995 /* AppDelegate.swift */,
				B8A798941CD7A1FC00382995 /* ViewController.swift */,
				B8A798961CD7A1FC00382995 /* Main.storyboard */,
				B8A798991CD7A1FC00382995 /* Assets.xcassets */,
				B8A7989B1CD7A1FC00382995 /* LaunchScreen.storyboard */,
				B8A7989E1CD7A1FC00382995 /* Info.plist */,
			);
			path = VespaGAS;
			sourceTree = "<group>";
		};
		B8A798A61CD7A1FC00382995 /* VespaGASTests */ = {
			isa = PBXGroup;
			children = (
				B8A798B41CD7A23200382995 /* Controllers */,
				B8A798B51CD7A23200382995 /* ViewModels */,
				B8A798A91CD7A1FC00382995 /* Info.plist */,
			);
			path = VespaGASTests;
			sourceTree = "<group>";
		};
		B8A798B21CD7A21B00382995 /* Controllers */ = {
			isa = PBXGroup;
			children = (
			);
			path = Controllers;
			sourceTree = "<group>";
		};
		B8A798B31CD7A21B00382995 /* ViewModels */ = {
			isa = PBXGroup;
			children = (
				B8A798B61CD7A24600382995 /* GasCalculatorViewModel.swift */,
			);
			path = ViewModels;
			sourceTree = "<group>";
		};
		B8A798B41CD7A23200382995 /* Controllers */ = {
			isa = PBXGroup;
			children = (
			);
			path = Controllers;
			sourceTree = "<group>";
		};
		B8A798B51CD7A23200382995 /* ViewModels */ = {
			isa = PBXGroup;
			children = (
				B8A798B81CD7A26A00382995 /* GasCalculatorViewModelTests.swift */,
			);
			path = ViewModels;
			sourceTree = "<group>";
		};
/* End PBXGroup section */

/* Begin PBXNativeTarget section */
		B8A7988E1CD7A1FC00382995 /* VespaGAS */ = {
			isa = PBXNativeTarget;
			buildConfigurationList = B8A798AC1CD7A1FC00382995 /* Build configuration list for PBXNativeTarget "VespaGAS" */;
			buildPhases = (
				3CABD9D3F58F31491F49D640 /* 📦 Check Pods Manifest.lock */,
				B8A7988B1CD7A1FC00382995 /* Sources */,
				B8A7988C1CD7A1FC00382995 /* Frameworks */,
				B8A7988D1CD7A1FC00382995 /* Resources */,
				16B48952756C8C9B637B325F /* 📦 Embed Pods Frameworks */,
				8F8B5A4B65EAA2884DC0E104 /* 📦 Copy Pods Resources */,
			);
			buildRules = (
			);
			dependencies = (
			);
			name = VespaGAS;
			productName = VespaGAS;
			productReference = B8A7988F1CD7A1FC00382995 /* VespaGAS.app */;
			productType = "com.apple.product-type.application";
		};
		B8A798A21CD7A1FC00382995 /* VespaGASTests */ = {
			isa = PBXNativeTarget;
			buildConfigurationList = B8A798AF1CD7A1FC00382995 /* Build configuration list for PBXNativeTarget "VespaGASTests" */;
			buildPhases = (
				264E2551D39F6AAF656DCC2A /* 📦 Check Pods Manifest.lock */,
				B8A7989F1CD7A1FC00382995 /* Sources */,
				B8A798A01CD7A1FC00382995 /* Frameworks */,
				B8A798A11CD7A1FC00382995 /* Resources */,
				C7D46EF6D1676693FB17D1B6 /* 📦 Embed Pods Frameworks */,
				7FFAB8D75B8ED1D0E3FCBAB7 /* 📦 Copy Pods Resources */,
			);
			buildRules = (
			);
			dependencies = (
				B8A798A51CD7A1FC00382995 /* PBXTargetDependency */,
			);
			name = VespaGASTests;
			productName = VespaGASTests;
			productReference = B8A798A31CD7A1FC00382995 /* VespaGASTests.xctest */;
			productType = "com.apple.product-type.bundle.unit-test";
		};
/* End PBXNativeTarget section */

/* Begin PBXProject section */
		B8A798871CD7A1FC00382995 /* Project object */ = {
			isa = PBXProject;
			attributes = {
				LastSwiftUpdateCheck = 0730;
				LastUpgradeCheck = 0730;
				ORGANIZATIONNAME = "Giuseppe Basile";
				TargetAttributes = {
					B8A7988E1CD7A1FC00382995 = {
						CreatedOnToolsVersion = 7.3;
					};
					B8A798A21CD7A1FC00382995 = {
						CreatedOnToolsVersion = 7.3;
						TestTargetID = B8A7988E1CD7A1FC00382995;
					};
				};
			};
			buildConfigurationList = B8A7988A1CD7A1FC00382995 /* Build configuration list for PBXProject "VespaGAS" */;
			compatibilityVersion = "Xcode 3.2";
			developmentRegion = English;
			hasScannedForEncodings = 0;
			knownRegions = (
				en,
				Base,
			);
			mainGroup = B8A798861CD7A1FC00382995;
			productRefGroup = B8A798901CD7A1FC00382995 /* Products */;
			projectDirPath = "";
			projectRoot = "";
			targets = (
				B8A7988E1CD7A1FC00382995 /* VespaGAS */,
				B8A798A21CD7A1FC00382995 /* VespaGASTests */,
			);
		};
/* End PBXProject section */

/* Begin PBXResourcesBuildPhase section */
		B8A7988D1CD7A1FC00382995 /* Resources */ = {
			isa = PBXResourcesBuildPhase;
			buildActionMask = 2147483647;
			files = (
				B8A7989D1CD7A1FC00382995 /* LaunchScreen.storyboard in Resources */,
				B8A7989A1CD7A1FC00382995 /* Assets.xcassets in Resources */,
				B8A798981CD7A1FC00382995 /* Main.storyboard in Resources */,
			);
			runOnlyForDeploymentPostprocessing = 0;
		};
		B8A798A11CD7A1FC00382995 /* Resources */ = {
			isa = PBXResourcesBuildPhase;
			buildActionMask = 2147483647;
			files = (
			);
			runOnlyForDeploymentPostprocessing = 0;
		};
/* End PBXResourcesBuildPhase section */

/* Begin PBXShellScriptBuildPhase section */
		16B48952756C8C9B637B325F /* 📦 Embed Pods Frameworks */ = {
			isa = PBXShellScriptBuildPhase;
			buildActionMask = 2147483647;
			files = (
			);
			inputPaths = (
			);
			name = "📦 Embed Pods Frameworks";
			outputPaths = (
			);
			runOnlyForDeploymentPostprocessing = 0;
			shellPath = /bin/sh;
			shellScript = "\"${SRCROOT}/Pods/Target Support Files/Pods-VespaGAS/Pods-VespaGAS-frameworks.sh\"\n";
			showEnvVarsInLog = 0;
		};
		264E2551D39F6AAF656DCC2A /* 📦 Check Pods Manifest.lock */ = {
			isa = PBXShellScriptBuildPhase;
			buildActionMask = 2147483647;
			files = (
			);
			inputPaths = (
			);
			name = "📦 Check Pods Manifest.lock";
			outputPaths = (
			);
			runOnlyForDeploymentPostprocessing = 0;
			shellPath = /bin/sh;
			shellScript = "diff \"${PODS_ROOT}/../Podfile.lock\" \"${PODS_ROOT}/Manifest.lock\" > /dev/null\nif [[ $? != 0 ]] ; then\n    cat << EOM\nerror: The sandbox is not in sync with the Podfile.lock. Run 'pod install' or update your CocoaPods installation.\nEOM\n    exit 1\nfi\n";
			showEnvVarsInLog = 0;
		};
		3CABD9D3F58F31491F49D640 /* 📦 Check Pods Manifest.lock */ = {
			isa = PBXShellScriptBuildPhase;
			buildActionMask = 2147483647;
			files = (
			);
			inputPaths = (
			);
			name = "📦 Check Pods Manifest.lock";
			outputPaths = (
			);
			runOnlyForDeploymentPostprocessing = 0;
			shellPath = /bin/sh;
			shellScript = "diff \"${PODS_ROOT}/../Podfile.lock\" \"${PODS_ROOT}/Manifest.lock\" > /dev/null\nif [[ $? != 0 ]] ; then\n    cat << EOM\nerror: The sandbox is not in sync with the Podfile.lock. Run 'pod install' or update your CocoaPods installation.\nEOM\n    exit 1\nfi\n";
			showEnvVarsInLog = 0;
		};
		7FFAB8D75B8ED1D0E3FCBAB7 /* 📦 Copy Pods Resources */ = {
			isa = PBXShellScriptBuildPhase;
			buildActionMask = 2147483647;
			files = (
			);
			inputPaths = (
			);
			name = "📦 Copy Pods Resources";
			outputPaths = (
			);
			runOnlyForDeploymentPostprocessing = 0;
			shellPath = /bin/sh;
			shellScript = "\"${SRCROOT}/Pods/Target Support Files/Pods-VespaGAS-VespaGASTests/Pods-VespaGAS-VespaGASTests-resources.sh\"\n";
			showEnvVarsInLog = 0;
		};
		8F8B5A4B65EAA2884DC0E104 /* 📦 Copy Pods Resources */ = {
			isa = PBXShellScriptBuildPhase;
			buildActionMask = 2147483647;
			files = (
			);
			inputPaths = (
			);
			name = "📦 Copy Pods Resources";
			outputPaths = (
			);
			runOnlyForDeploymentPostprocessing = 0;
			shellPath = /bin/sh;
			shellScript = "\"${SRCROOT}/Pods/Target Support Files/Pods-VespaGAS/Pods-VespaGAS-resources.sh\"\n";
			showEnvVarsInLog = 0;
		};
		C7D46EF6D1676693FB17D1B6 /* 📦 Embed Pods Frameworks */ = {
			isa = PBXShellScriptBuildPhase;
			buildActionMask = 2147483647;
			files = (
			);
			inputPaths = (
			);
			name = "📦 Embed Pods Frameworks";
			outputPaths = (
			);
			runOnlyForDeploymentPostprocessing = 0;
			shellPath = /bin/sh;
			shellScript = "\"${SRCROOT}/Pods/Target Support Files/Pods-VespaGAS-VespaGASTests/Pods-VespaGAS-VespaGASTests-frameworks.sh\"\n";
			showEnvVarsInLog = 0;
		};
/* End PBXShellScriptBuildPhase section */

/* Begin PBXSourcesBuildPhase section */
		B8A7988B1CD7A1FC00382995 /* Sources */ = {
			isa = PBXSourcesBuildPhase;
			buildActionMask = 2147483647;
			files = (
				B8A798951CD7A1FC00382995 /* ViewController.swift in Sources */,
				B8A798B71CD7A24600382995 /* GasCalculatorViewModel.swift in Sources */,
				B8A798931CD7A1FC00382995 /* AppDelegate.swift in Sources */,
			);
			runOnlyForDeploymentPostprocessing = 0;
		};
		B8A7989F1CD7A1FC00382995 /* Sources */ = {
			isa = PBXSourcesBuildPhase;
			buildActionMask = 2147483647;
			files = (
				B8A798B91CD7A26A00382995 /* GasCalculatorViewModelTests.swift in Sources */,
			);
			runOnlyForDeploymentPostprocessing = 0;
		};
/* End PBXSourcesBuildPhase section */

/* Begin PBXTargetDependency section */
		B8A798A51CD7A1FC00382995 /* PBXTargetDependency */ = {
			isa = PBXTargetDependency;
			target = B8A7988E1CD7A1FC00382995 /* VespaGAS */;
			targetProxy = B8A798A41CD7A1FC00382995 /* PBXContainerItemProxy */;
		};
/* End PBXTargetDependency section */

/* Begin PBXVariantGroup section */
		B8A798961CD7A1FC00382995 /* Main.storyboard */ = {
			isa = PBXVariantGroup;
			children = (
				B8A798971CD7A1FC00382995 /* Base */,
			);
			name = Main.storyboard;
			sourceTree = "<group>";
		};
		B8A7989B1CD7A1FC00382995 /* LaunchScreen.storyboard */ = {
			isa = PBXVariantGroup;
			children = (
				B8A7989C1CD7A1FC00382995 /* Base */,
			);
			name = LaunchScreen.storyboard;
			sourceTree = "<group>";
		};
/* End PBXVariantGroup section */

/* Begin XCBuildConfiguration section */
		B8A798AA1CD7A1FC00382995 /* Debug */ = {
			isa = XCBuildConfiguration;
			buildSettings = {
				ALWAYS_SEARCH_USER_PATHS = NO;
				CLANG_ANALYZER_NONNULL = YES;
				CLANG_CXX_LANGUAGE_STANDARD = "gnu++0x";
				CLANG_CXX_LIBRARY = "libc++";
				CLANG_ENABLE_MODULES = YES;
				CLANG_ENABLE_OBJC_ARC = YES;
				CLANG_WARN_BOOL_CONVERSION = YES;
				CLANG_WARN_CONSTANT_CONVERSION = YES;
				CLANG_WARN_DIRECT_OBJC_ISA_USAGE = YES_ERROR;
				CLANG_WARN_EMPTY_BODY = YES;
				CLANG_WARN_ENUM_CONVERSION = YES;
				CLANG_WARN_INT_CONVERSION = YES;
				CLANG_WARN_OBJC_ROOT_CLASS = YES_ERROR;
				CLANG_WARN_UNREACHABLE_CODE = YES;
				CLANG_WARN__DUPLICATE_METHOD_MATCH = YES;
				"CODE_SIGN_IDENTITY[sdk=iphoneos*]" = "iPhone Developer";
				COPY_PHASE_STRIP = NO;
				DEBUG_INFORMATION_FORMAT = dwarf;
				ENABLE_STRICT_OBJC_MSGSEND = YES;
				ENABLE_TESTABILITY = YES;
				GCC_C_LANGUAGE_STANDARD = gnu99;
				GCC_DYNAMIC_NO_PIC = NO;
				GCC_NO_COMMON_BLOCKS = YES;
				GCC_OPTIMIZATION_LEVEL = 0;
				GCC_PREPROCESSOR_DEFINITIONS = (
					"DEBUG=1",
					"$(inherited)",
				);
				GCC_WARN_64_TO_32_BIT_CONVERSION = YES;
				GCC_WARN_ABOUT_RETURN_TYPE = YES_ERROR;
				GCC_WARN_UNDECLARED_SELECTOR = YES;
				GCC_WARN_UNINITIALIZED_AUTOS = YES_AGGRESSIVE;
				GCC_WARN_UNUSED_FUNCTION = YES;
				GCC_WARN_UNUSED_VARIABLE = YES;
				IPHONEOS_DEPLOYMENT_TARGET = 9.3;
				MTL_ENABLE_DEBUG_INFO = YES;
				ONLY_ACTIVE_ARCH = YES;
				SDKROOT = iphoneos;
				SWIFT_OPTIMIZATION_LEVEL = "-Onone";
			};
			name = Debug;
		};
		B8A798AB1CD7A1FC00382995 /* Release */ = {
			isa = XCBuildConfiguration;
			buildSettings = {
				ALWAYS_SEARCH_USER_PATHS = NO;
				CLANG_ANALYZER_NONNULL = YES;
				CLANG_CXX_LANGUAGE_STANDARD = "gnu++0x";
				CLANG_CXX_LIBRARY = "libc++";
				CLANG_ENABLE_MODULES = YES;
				CLANG_ENABLE_OBJC_ARC = YES;
				CLANG_WARN_BOOL_CONVERSION = YES;
				CLANG_WARN_CONSTANT_CONVERSION = YES;
				CLANG_WARN_DIRECT_OBJC_ISA_USAGE = YES_ERROR;
				CLANG_WARN_EMPTY_BODY = YES;
				CLANG_WARN_ENUM_CONVERSION = YES;
				CLANG_WARN_INT_CONVERSION = YES;
				CLANG_WARN_OBJC_ROOT_CLASS = YES_ERROR;
				CLANG_WARN_UNREACHABLE_CODE = YES;
				CLANG_WARN__DUPLICATE_METHOD_MATCH = YES;
				"CODE_SIGN_IDENTITY[sdk=iphoneos*]" = "iPhone Developer";
				COPY_PHASE_STRIP = NO;
				DEBUG_INFORMATION_FORMAT = "dwarf-with-dsym";
				ENABLE_NS_ASSERTIONS = NO;
				ENABLE_STRICT_OBJC_MSGSEND = YES;
				GCC_C_LANGUAGE_STANDARD = gnu99;
				GCC_NO_COMMON_BLOCKS = YES;
				GCC_WARN_64_TO_32_BIT_CONVERSION = YES;
				GCC_WARN_ABOUT_RETURN_TYPE = YES_ERROR;
				GCC_WARN_UNDECLARED_SELECTOR = YES;
				GCC_WARN_UNINITIALIZED_AUTOS = YES_AGGRESSIVE;
				GCC_WARN_UNUSED_FUNCTION = YES;
				GCC_WARN_UNUSED_VARIABLE = YES;
				IPHONEOS_DEPLOYMENT_TARGET = 9.3;
				MTL_ENABLE_DEBUG_INFO = NO;
				SDKROOT = iphoneos;
				VALIDATE_PRODUCT = YES;
			};
			name = Release;
		};
		B8A798AD1CD7A1FC00382995 /* Debug */ = {
			isa = XCBuildConfiguration;
			baseConfigurationReference = EFCEB00DD0919C9118C1F888 /* Pods-VespaGAS.debug.xcconfig */;
			buildSettings = {
				ASSETCATALOG_COMPILER_APPICON_NAME = AppIcon;
				INFOPLIST_FILE = VespaGAS/Info.plist;
				LD_RUNPATH_SEARCH_PATHS = "$(inherited) @executable_path/Frameworks";
				PRODUCT_BUNDLE_IDENTIFIER = com.pebasile.VespaGAS;
				PRODUCT_NAME = "$(TARGET_NAME)";
			};
			name = Debug;
		};
		B8A798AE1CD7A1FC00382995 /* Release */ = {
			isa = XCBuildConfiguration;
			baseConfigurationReference = 675F85E00A6DD4A92E56D252 /* Pods-VespaGAS.release.xcconfig */;
			buildSettings = {
				ASSETCATALOG_COMPILER_APPICON_NAME = AppIcon;
				INFOPLIST_FILE = VespaGAS/Info.plist;
				LD_RUNPATH_SEARCH_PATHS = "$(inherited) @executable_path/Frameworks";
				PRODUCT_BUNDLE_IDENTIFIER = com.pebasile.VespaGAS;
				PRODUCT_NAME = "$(TARGET_NAME)";
			};
			name = Release;
		};
		B8A798B01CD7A1FC00382995 /* Debug */ = {
			isa = XCBuildConfiguration;
			baseConfigurationReference = 9F7EC7C7FB6B45D5D0CEF9B4 /* Pods-VespaGAS-VespaGASTests.debug.xcconfig */;
			buildSettings = {
				BUNDLE_LOADER = "$(TEST_HOST)";
				INFOPLIST_FILE = VespaGASTests/Info.plist;
				LD_RUNPATH_SEARCH_PATHS = "$(inherited) @executable_path/Frameworks @loader_path/Frameworks";
				PRODUCT_BUNDLE_IDENTIFIER = com.pebasile.VespaGASTests;
				PRODUCT_NAME = "$(TARGET_NAME)";
				TEST_HOST = "$(BUILT_PRODUCTS_DIR)/VespaGAS.app/VespaGAS";
			};
			name = Debug;
		};
		B8A798B11CD7A1FC00382995 /* Release */ = {
			isa = XCBuildConfiguration;
			baseConfigurationReference = 898B1439CCE209591000E716 /* Pods-VespaGAS-VespaGASTests.release.xcconfig */;
			buildSettings = {
				BUNDLE_LOADER = "$(TEST_HOST)";
				INFOPLIST_FILE = VespaGASTests/Info.plist;
				LD_RUNPATH_SEARCH_PATHS = "$(inherited) @executable_path/Frameworks @loader_path/Frameworks";
				PRODUCT_BUNDLE_IDENTIFIER = com.pebasile.VespaGASTests;
				PRODUCT_NAME = "$(TARGET_NAME)";
				TEST_HOST = "$(BUILT_PRODUCTS_DIR)/VespaGAS.app/VespaGAS";
			};
			name = Release;
		};
/* End XCBuildConfiguration section */

/* Begin XCConfigurationList section */
		B8A7988A1CD7A1FC00382995 /* Build configuration list for PBXProject "VespaGAS" */ = {
			isa = XCConfigurationList;
			buildConfigurations = (
				B8A798AA1CD7A1FC00382995 /* Debug */,
				B8A798AB1CD7A1FC00382995 /* Release */,
			);
			defaultConfigurationIsVisible = 0;
			defaultConfigurationName = Release;
		};
		B8A798AC1CD7A1FC00382995 /* Build configuration list for PBXNativeTarget "VespaGAS" */ = {
			isa = XCConfigurationList;
			buildConfigurations = (
				B8A798AD1CD7A1FC00382995 /* Debug */,
				B8A798AE1CD7A1FC00382995 /* Release */,
			);
			defaultConfigurationIsVisible = 0;
			defaultConfigurationName = Release;
		};
		B8A798AF1CD7A1FC00382995 /* Build configuration list for PBXNativeTarget "VespaGASTests" */ = {
			isa = XCConfigurationList;
			buildConfigurations = (
				B8A798B01CD7A1FC00382995 /* Debug */,
				B8A798B11CD7A1FC00382995 /* Release */,
			);
			defaultConfigurationIsVisible = 0;
			defaultConfigurationName = Release;
		};
/* End XCConfigurationList section */
	};
	rootObject = B8A798871CD7A1FC00382995 /* Project object */;
}
